
Microsoft Visual Studio Solution File, Format Version 12.00
# Visual Studio Version 17
VisualStudioVersion = 17.3.32901.215
MinimumVisualStudioVersion = 10.0.40219.1
Project("{FAE04EC0-301F-11D3-BF4B-00C04F79EFBC}") = "BlogAPI1", "BlogAPI1\BlogAPI1.csproj", "{17134849-557B-4B1F-B967-73F10C63AADD}"
EndProject
Global
	GlobalSection(SolutionConfigurationPlatforms) = preSolution
		Debug|Any CPU = Debug|Any CPU
		Release|Any CPU = Release|Any CPU
	EndGlobalSection
	GlobalSection(ProjectConfigurationPlatforms) = postSolution
		{17134849-557B-4B1F-B967-73F10C63AADD}.Debug|Any CPU.ActiveCfg = Debug|Any CPU
		{17134849-557B-4B1F-B967-73F10C63AADD}.Debug|Any CPU.Build.0 = Debug|Any CPU
		{17134849-557B-4B1F-B967-73F10C63AADD}.Release|Any CPU.ActiveCfg = Release|Any CPU
		{17134849-557B-4B1F-B967-73F10C63AADD}.Release|Any CPU.Build.0 = Release|Any CPU
	EndGlobalSection
	GlobalSection(SolutionProperties) = preSolution
		HideSolutionNode = FALSE
	EndGlobalSection
	GlobalSection(ExtensibilityGlobals) = postSolution
		SolutionGuid = {F74443A3-53D1-44BD-BCBB-6AD035D04DDF}
	EndGlobalSection
EndGlobal
